
Microsoft Visual Studio Solution File, Format Version 12.00
# Visual Studio Version 16
VisualStudioVersion = 16.0.31129.286
MinimumVisualStudioVersion = 10.0.40219.1
Project("{FAE04EC0-301F-11D3-BF4B-00C04F79EFBC}") = "TP_RequestQueryString", "TP_RequestQueryString\TP_RequestQueryString.csproj", "{186DB828-DE7C-4594-BAFF-A0D7B58ED908}"
EndProject
Global
	GlobalSection(SolutionConfigurationPlatforms) = preSolution
		Debug|Any CPU = Debug|Any CPU
		Release|Any CPU = Release|Any CPU
	EndGlobalSection
	GlobalSection(ProjectConfigurationPlatforms) = postSolution
		{186DB828-DE7C-4594-BAFF-A0D7B58ED908}.Debug|Any CPU.ActiveCfg = Debug|Any CPU
		{186DB828-DE7C-4594-BAFF-A0D7B58ED908}.Debug|Any CPU.Build.0 = Debug|Any CPU
		{186DB828-DE7C-4594-BAFF-A0D7B58ED908}.Release|Any CPU.ActiveCfg = Release|Any CPU
		{186DB828-DE7C-4594-BAFF-A0D7B58ED908}.Release|Any CPU.Build.0 = Release|Any CPU
	EndGlobalSection
	GlobalSection(SolutionProperties) = preSolution
		HideSolutionNode = FALSE
	EndGlobalSection
	GlobalSection(ExtensibilityGlobals) = postSolution
		SolutionGuid = {60FDEDA3-AF14-4ECC-BE57-EEAAD8550607}
	EndGlobalSection
EndGlobal
